Microsoft Visual Studio Solution File, Format Version 12.00
# Visual Studio 15
VisualStudioVersion = 15.0.27924.0
MinimumVisualStudioVersion = 10.0.40219.1
Project("{FAE04EC0-301F-11D3-BF4B-00C04F79EFBC}") = "omregistrering.Android", "omregistrering.Android\omregistrering.Android.csproj", "{4C968CA4-5441-4842-BDE5-F05AA6C947F2}"
EndProject
Project("{FAE04EC0-301F-11D3-BF4B-00C04F79EFBC}") = "omregistrering.iOS", "omregistrering.iOS\omregistrering.iOS.csproj", "{5D83DBCD-0D16-4C16-83C8-17C87D322949}"
EndProject
Project("{9A19103F-16F7-4668-BE54-9A1E7A4F7556}") = "omregistrering", "omregistrering\omregistrering.csproj", "{B5DB9E2C-4C0F-4247-8F2F-9959FA04F866}"
EndProject
Global
	GlobalSection(SolutionConfigurationPlatforms) = preSolution
		Ad-Hoc|Any CPU = Ad-Hoc|Any CPU
		Ad-Hoc|iPhone = Ad-Hoc|iPhone
		Ad-Hoc|iPhoneSimulator = Ad-Hoc|iPhoneSimulator
		AppStore|Any CPU = AppStore|Any CPU
		AppStore|iPhone = AppStore|iPhone
		AppStore|iPhoneSimulator = AppStore|iPhoneSimulator
		Debug|Any CPU = Debug|Any CPU
		Debug|iPhone = Debug|iPhone
		Debug|iPhoneSimulator = Debug|iPhoneSimulator
		Release|Any CPU = Release|Any CPU
		Release|iPhone = Release|iPhone
		Release|iPhoneSimulator = Release|iPhoneSimulator
	EndGlobalSection
	GlobalSection(ProjectConfigurationPlatforms) = postSolution
		{4C968CA4-5441-4842-BDE5-F05AA6C947F2}.Ad-Hoc|Any CPU.ActiveCfg = Release|Any CPU
		{4C968CA4-5441-4842-BDE5-F05AA6C947F2}.Ad-Hoc|Any CPU.Build.0 = Release|Any CPU
		{4C968CA4-5441-4842-BDE5-F05AA6C947F2}.Ad-Hoc|Any CPU.Deploy.0 = Release|Any CPU
		{4C968CA4-5441-4842-BDE5-F05AA6C947F2}.Ad-Hoc|iPhone.ActiveCfg = Debug|Any CPU
		{4C968CA4-5441-4842-BDE5-F05AA6C947F2}.Ad-Hoc|iPhone.Build.0 = Debug|Any CPU
		{4C968CA4-5441-4842-BDE5-F05AA6C947F2}.Ad-Hoc|iPhoneSimulator.ActiveCfg = Release|Any CPU
		{4C968CA4-5441-4842-BDE5-F05AA6C947F2}.Ad-Hoc|iPhoneSimulator.Build.0 = Release|Any CPU
		{4C968CA4-5441-4842-BDE5-F05AA6C947F2}.Ad-Hoc|iPhoneSimulator.Deploy.0 = Release|Any CPU
		{4C968CA4-5441-4842-BDE5-F05AA6C947F2}.AppStore|Any CPU.ActiveCfg = Release|Any CPU
		{4C968CA4-5441-4842-BDE5-F05AA6C947F2}.AppStore|Any CPU.Build.0 = Release|Any CPU
		{4C968CA4-5441-4842-BDE5-F05AA6C947F2}.AppStore|Any CPU.Deploy.0 = Release|Any CPU
		{4C968CA4-5441-4842-BDE5-F05AA6C947F2}.AppStore|iPhone.ActiveCfg = Debug|Any CPU
		{4C968CA4-5441-4842-BDE5-F05AA6C947F2}.AppStore|iPhone.Build.0 = Debug|Any CPU
		{4C968CA4-5441-4842-BDE5-F05AA6C947F2}.AppStore|iPhoneSimulator.ActiveCfg = Release|Any CPU
		{4C968CA4-5441-4842-BDE5-F05AA6C947F2}.AppStore|iPhoneSimulator.Build.0 = Release|Any CPU
		{4C968CA4-5441-4842-BDE5-F05AA6C947F2}.AppStore|iPhoneSimulator.Deploy.0 = Release|Any CPU
		{4C968CA4-5441-4842-BDE5-F05AA6C947F2}.Debug|Any CPU.ActiveCfg = Debug|Any CPU
		{4C968CA4-5441-4842-BDE5-F05AA6C947F2}.Debug|Any CPU.Build.0 = Debug|Any CPU
		{4C968CA4-5441-4842-BDE5-F05AA6C947F2}.Debug|Any CPU.Deploy.0 = Debug|Any CPU
		{4C968CA4-5441-4842-BDE5-F05AA6C947F2}.Debug|iPhone.ActiveCfg = Debug|Any CPU
		{4C968CA4-5441-4842-BDE5-F05AA6C947F2}.Debug|iPhone.Build.0 = Debug|Any CPU
		{4C968CA4-5441-4842-BDE5-F05AA6C947F2}.Debug|iPhoneSimulator.ActiveCfg = Debug|Any CPU
		{4C968CA4-5441-4842-BDE5-F05AA6C947F2}.Debug|iPhoneSimulator.Build.0 = Debug|Any CPU
		{4C968CA4-5441-4842-BDE5-F05AA6C947F2}.Release|Any CPU.ActiveCfg = Release|Any CPU
		{4C968CA4-5441-4842-BDE5-F05AA6C947F2}.Release|Any CPU.Build.0 = Release|Any CPU
		{4C968CA4-5441-4842-BDE5-F05AA6C947F2}.Release|iPhone.ActiveCfg = Release|Any CPU
		{4C968CA4-5441-4842-BDE5-F05AA6C947F2}.Release|iPhone.Build.0 = Release|Any CPU
		{4C968CA4-5441-4842-BDE5-F05AA6C947F2}.Release|iPhoneSimulator.ActiveCfg = Release|Any CPU
		{4C968CA4-5441-4842-BDE5-F05AA6C947F2}.Release|iPhoneSimulator.Build.0 = Release|Any CPU
		{5D83DBCD-0D16-4C16-83C8-17C87D322949}.Ad-Hoc|Any CPU.ActiveCfg = Ad-Hoc|iPhoneSimulator
		{5D83DBCD-0D16-4C16-83C8-17C87D322949}.Ad-Hoc|iPhone.ActiveCfg = Ad-Hoc|iPhone
		{5D83DBCD-0D16-4C16-83C8-17C87D322949}.Ad-Hoc|iPhone.Build.0 = Ad-Hoc|iPhone
		{5D83DBCD-0D16-4C16-83C8-17C87D322949}.Ad-Hoc|iPhoneSimulator.ActiveCfg = Ad-Hoc|iPhoneSimulator
		{5D83DBCD-0D16-4C16-83C8-17C87D322949}.Ad-Hoc|iPhoneSimulator.Build.0 = Ad-Hoc|iPhoneSimulator
		{5D83DBCD-0D16-4C16-83C8-17C87D322949}.AppStore|Any CPU.ActiveCfg = AppStore|iPhoneSimulator
		{5D83DBCD-0D16-4C16-83C8-17C87D322949}.AppStore|iPhone.ActiveCfg = AppStore|iPhone
		{5D83DBCD-0D16-4C16-83C8-17C87D322949}.AppStore|iPhone.Build.0 = AppStore|iPhone
		{5D83DBCD-0D16-4C16-83C8-17C87D322949}.AppStore|iPhoneSimulator.ActiveCfg = AppStore|iPhoneSimulator
		{5D83DBCD-0D16-4C16-83C8-17C87D322949}.AppStore|iPhoneSimulator.Build.0 = AppStore|iPhoneSimulator
		{5D83DBCD-0D16-4C16-83C8-17C87D322949}.Debug|Any CPU.ActiveCfg = Debug|iPhoneSimulator
		{5D83DBCD-0D16-4C16-83C8-17C87D322949}.Debug|iPhone.ActiveCfg = Debug|iPhone
		{5D83DBCD-0D16-4C16-83C8-17C87D322949}.Debug|iPhone.Build.0 = Debug|iPhone
		{5D83DBCD-0D16-4C16-83C8-17C87D322949}.Debug|iPhoneSimulator.ActiveCfg = Debug|iPhoneSimulator
		{5D83DBCD-0D16-4C16-83C8-17C87D322949}.Debug|iPhoneSimulator.Build.0 = Debug|iPhoneSimulator
		{5D83DBCD-0D16-4C16-83C8-17C87D322949}.Release|Any CPU.ActiveCfg = Release|iPhoneSimulator
		{5D83DBCD-0D16-4C16-83C8-17C87D322949}.Release|Any CPU.Build.0 = Release|iPhoneSimulator
		{5D83DBCD-0D16-4C16-83C8-17C87D322949}.Release|iPhone.ActiveCfg = Release|iPhone
		{5D83DBCD-0D16-4C16-83C8-17C87D322949}.Release|iPhone.Build.0 = Release|iPhone
		{5D83DBCD-0D16-4C16-83C8-17C87D322949}.Release|iPhoneSimulator.ActiveCfg = Release|iPhoneSimulator
		{5D83DBCD-0D16-4C16-83C8-17C87D322949}.Release|iPhoneSimulator.Build.0 = Release|iPhoneSimulator
		{B5DB9E2C-4C0F-4247-8F2F-9959FA04F866}.Ad-Hoc|Any CPU.ActiveCfg = Release|Any CPU
		{B5DB9E2C-4C0F-4247-8F2F-9959FA04F866}.Ad-Hoc|Any CPU.Build.0 = Release|Any CPU
		{B5DB9E2C-4C0F-4247-8F2F-9959FA04F866}.Ad-Hoc|iPhone.ActiveCfg = Debug|Any CPU
		{B5DB9E2C-4C0F-4247-8F2F-9959FA04F866}.Ad-Hoc|iPhone.Build.0 = Debug|Any CPU
		{B5DB9E2C-4C0F-4247-8F2F-9959FA04F866}.Ad-Hoc|iPhoneSimulator.ActiveCfg = Release|Any CPU
		{B5DB9E2C-4C0F-4247-8F2F-9959FA04F866}.Ad-Hoc|iPhoneSimulator.Build.0 = Release|Any CPU
		{B5DB9E2C-4C0F-4247-8F2F-9959FA04F866}.AppStore|Any CPU.ActiveCfg = Release|Any CPU
		{B5DB9E2C-4C0F-4247-8F2F-9959FA04F866}.AppStore|Any CPU.Build.0 = Release|Any CPU
		{B5DB9E2C-4C0F-4247-8F2F-9959FA04F866}.AppStore|iPhone.ActiveCfg = Debug|Any CPU
		{B5DB9E2C-4C0F-4247-8F2F-9959FA04F866}.AppStore|iPhone.Build.0 = Debug|Any CPU
		{B5DB9E2C-4C0F-4247-8F2F-9959FA04F866}.AppStore|iPhoneSimulator.ActiveCfg = Release|Any CPU
		{B5DB9E2C-4C0F-4247-8F2F-9959FA04F866}.AppStore|iPhoneSimulator.Build.0 = Release|Any CPU
		{B5DB9E2C-4C0F-4247-8F2F-9959FA04F866}.Debug|Any CPU.ActiveCfg = Debug|Any CPU
		{B5DB9E2C-4C0F-4247-8F2F-9959FA04F866}.Debug|Any CPU.Build.0 = Debug|Any CPU
		{B5DB9E2C-4C0F-4247-8F2F-9959FA04F866}.Debug|iPhone.ActiveCfg = Debug|Any CPU
		{B5DB9E2C-4C0F-4247-8F2F-9959FA04F866}.Debug|iPhone.Build.0 = Debug|Any CPU
		{B5DB9E2C-4C0F-4247-8F2F-9959FA04F866}.Debug|iPhoneSimulator.ActiveCfg = Debug|Any CPU
		{B5DB9E2C-4C0F-4247-8F2F-9959FA04F866}.Debug|iPhoneSimulator.Build.0 = Debug|Any CPU
		{B5DB9E2C-4C0F-4247-8F2F-9959FA04F866}.Release|Any CPU.ActiveCfg = Release|Any CPU
		{B5DB9E2C-4C0F-4247-8F2F-9959FA04F866}.Release|Any CPU.Build.0 = Release|Any CPU
		{B5DB9E2C-4C0F-4247-8F2F-9959FA04F866}.Release|iPhone.ActiveCfg = Release|Any CPU
		{B5DB9E2C-4C0F-4247-8F2F-9959FA04F866}.Release|iPhone.Build.0 = Release|Any CPU
		{B5DB9E2C-4C0F-4247-8F2F-9959FA04F866}.Release|iPhoneSimulator.ActiveCfg = Release|Any CPU
		{B5DB9E2C-4C0F-4247-8F2F-9959FA04F866}.Release|iPhoneSimulator.Build.0 = Release|Any CPU
	EndGlobalSection
	GlobalSection(SolutionProperties) = preSolution
		HideSolutionNode = FALSE
	EndGlobalSection
	GlobalSection(ExtensibilityGlobals) = postSolution
		SolutionGuid = {D0BC2CF5-2353-4AEB-A80D-8870F131F89C}
	EndGlobalSection
EndGlobal
